// !$*UTF8*$!
{
	archiveVersion = 1;
	classes = {
	};
	objectVersion = 56;
	objects = {

/* Begin PBXBuildFile section */
		0B4AE8362D5E19240054CB08 /* CircleChartView.swift in Sources */ = {isa = PBXBuildFile; fileRef = 0B4AE8352D5E19240054CB08 /* CircleChartView.swift */; };
		0B4AE8392D5E19A30054CB08 /* UpcomingLeaveCircleChartView.swift in Sources */ = {isa = PBXBuildFile; fileRef = 0B4AE8382D5E19A30054CB08 /* UpcomingLeaveCircleChartView.swift */; };
		0B4AE83B2D5E19BE0054CB08 /* UpcomingLeaveChartViewModel.swift in Sources */ = {isa = PBXBuildFile; fileRef = 0B4AE83A2D5E19BE0054CB08 /* UpcomingLeaveChartViewModel.swift */; };
		0B4AE83D2D5E1B870054CB08 /* DocumentPickerView.swift in Sources */ = {isa = PBXBuildFile; fileRef = 0B4AE83C2D5E1B870054CB08 /* DocumentPickerView.swift */; };
		0B4AE83F2D5E1DBF0054CB08 /* ImagePickerView.swift in Sources */ = {isa = PBXBuildFile; fileRef = 0B4AE83E2D5E1DBF0054CB08 /* ImagePickerView.swift */; };
		0B4AE8412D5E1EF40054CB08 /* HolidayList.swift in Sources */ = {isa = PBXBuildFile; fileRef = 0B4AE8402D5E1EF40054CB08 /* HolidayList.swift */; };
		0BC4B1B12D5E108500778A09 /* LeaveAppApp.swift in Sources */ = {isa = PBXBuildFile; fileRef = 0BC4B1B02D5E108500778A09 /* LeaveAppApp.swift */; };
		0BC4B1B32D5E108500778A09 /* ContentView.swift in Sources */ = {isa = PBXBuildFile; fileRef = 0BC4B1B22D5E108500778A09 /* ContentView.swift */; };
		0BC4B1B52D5E108600778A09 /* Assets.xcassets in Resources */ = {isa = PBXBuildFile; fileRef = 0BC4B1B42D5E108600778A09 /* Assets.xcassets */; };
		0BC4B1B82D5E108600778A09 /* Preview Assets.xcassets in Resources */ = {isa = PBXBuildFile; fileRef = 0BC4B1B72D5E108600778A09 /* Preview Assets.xcassets */; };
		0BC4B1C02D5E12AD00778A09 /* LeaveApplication.swift in Sources */ = {isa = PBXBuildFile; fileRef = 0BC4B1BF2D5E12AD00778A09 /* LeaveApplication.swift */; };
		0BC4B1C32D5E130700778A09 /* LeavApplicationViewModel.swift in Sources */ = {isa = PBXBuildFile; fileRef = 0BC4B1C22D5E130700778A09 /* LeavApplicationViewModel.swift */; };
		0BC4B1C52D5E133800778A09 /* LeaveApplicationView.swift in Sources */ = {isa = PBXBuildFile; fileRef = 0BC4B1C42D5E133800778A09 /* LeaveApplicationView.swift */; };
		0BC4B1C82D5E13D900778A09 /* BackendService.swift in Sources */ = {isa = PBXBuildFile; fileRef = 0BC4B1C72D5E13D900778A09 /* BackendService.swift */; };
		0BC4B1CB2D5E141F00778A09 /* FirebaseBackendService.swift in Sources */ = {isa = PBXBuildFile; fileRef = 0BC4B1CA2D5E141F00778A09 /* FirebaseBackendService.swift */; };
		0BC4B1CF2D5E15CB00778A09 /* FirebaseAnalytics in Frameworks */ = {isa = PBXBuildFile; productRef = 0BC4B1CE2D5E15CB00778A09 /* FirebaseAnalytics */; };
		0BC4B1D12D5E15CB00778A09 /* FirebaseCore in Frameworks */ = {isa = PBXBuildFile; productRef = 0BC4B1D02D5E15CB00778A09 /* FirebaseCore */; };
		0BC4B1D32D5E15CB00778A09 /* FirebaseFirestore in Frameworks */ = {isa = PBXBuildFile; productRef = 0BC4B1D22D5E15CB00778A09 /* FirebaseFirestore */; };
		0BC4B1D52D5E15CB00778A09 /* FirebaseInAppMessaging-Beta in Frameworks */ = {isa = PBXBuildFile; productRef = 0BC4B1D42D5E15CB00778A09 /* FirebaseInAppMessaging-Beta */; };
		0BC4B1D72D5E15CB00778A09 /* FirebaseMessaging in Frameworks */ = {isa = PBXBuildFile; productRef = 0BC4B1D62D5E15CB00778A09 /* FirebaseMessaging */; };
		0BC4B1D92D5E15CB00778A09 /* FirebaseRemoteConfig in Frameworks */ = {isa = PBXBuildFile; productRef = 0BC4B1D82D5E15CB00778A09 /* FirebaseRemoteConfig */; };
/* End PBXBuildFile section */

/* Begin PBXFileReference section */
		0B4AE8352D5E19240054CB08 /* CircleChartView.swift */ = {isa = PBXFileReference; lastKnownFileType = sourcecode.swift; path = CircleChartView.swift; sourceTree = "<group>"; };
		0B4AE8382D5E19A30054CB08 /* UpcomingLeaveCircleChartView.swift */ = {isa = PBXFileReference; lastKnownFileType = sourcecode.swift; path = UpcomingLeaveCircleChartView.swift; sourceTree = "<group>"; };
		0B4AE83A2D5E19BE0054CB08 /* UpcomingLeaveChartViewModel.swift */ = {isa = PBXFileReference; lastKnownFileType = sourcecode.swift; path = UpcomingLeaveChartViewModel.swift; sourceTree = "<group>"; };
		0B4AE83C2D5E1B870054CB08 /* DocumentPickerView.swift */ = {isa = PBXFileReference; lastKnownFileType = sourcecode.swift; path = DocumentPickerView.swift; sourceTree = "<group>"; };
		0B4AE83E2D5E1DBF0054CB08 /* ImagePickerView.swift */ = {isa = PBXFileReference; lastKnownFileType = sourcecode.swift; path = ImagePickerView.swift; sourceTree = "<group>"; };
		0B4AE8402D5E1EF40054CB08 /* HolidayList.swift */ = {isa = PBXFileReference; lastKnownFileType = sourcecode.swift; path = HolidayList.swift; sourceTree = "<group>"; };
		0BC4B1AD2D5E108500778A09 /* LeaveApp.app */ = {isa = PBXFileReference; explicitFileType = wrapper.application; includeInIndex = 0; path = LeaveApp.app; sourceTree = BUILT_PRODUCTS_DIR; };
		0BC4B1B02D5E108500778A09 /* LeaveAppApp.swift */ = {isa = PBXFileReference; lastKnownFileType = sourcecode.swift; path = LeaveAppApp.swift; sourceTree = "<group>"; };
		0BC4B1B22D5E108500778A09 /* ContentView.swift */ = {isa = PBXFileReference; lastKnownFileType = sourcecode.swift; path = ContentView.swift; sourceTree = "<group>"; };
		0BC4B1B42D5E108600778A09 /* Assets.xcassets */ = {isa = PBXFileReference; lastKnownFileType = folder.assetcatalog; path = Assets.xcassets; sourceTree = "<group>"; };
		0BC4B1B72D5E108600778A09 /* Preview Assets.xcassets */ = {isa = PBXFileReference; lastKnownFileType = folder.assetcatalog; path = "Preview Assets.xcassets"; sourceTree = "<group>"; };
		0BC4B1BF2D5E12AD00778A09 /* LeaveApplication.swift */ = {isa = PBXFileReference; lastKnownFileType = sourcecode.swift; path = LeaveApplication.swift; sourceTree = "<group>"; };
		0BC4B1C22D5E130700778A09 /* LeavApplicationViewModel.swift */ = {isa = PBXFileReference; lastKnownFileType = sourcecode.swift; path = LeavApplicationViewModel.swift; sourceTree = "<group>"; };
		0BC4B1C42D5E133800778A09 /* LeaveApplicationView.swift */ = {isa = PBXFileReference; lastKnownFileType = sourcecode.swift; path = LeaveApplicationView.swift; sourceTree = "<group>"; };
		0BC4B1C72D5E13D900778A09 /* BackendService.swift */ = {isa = PBXFileReference; lastKnownFileType = sourcecode.swift; path = BackendService.swift; sourceTree = "<group>"; };
		0BC4B1CA2D5E141F00778A09 /* FirebaseBackendService.swift */ = {isa = PBXFileReference; lastKnownFileType = sourcecode.swift; path = FirebaseBackendService.swift; sourceTree = "<group>"; };
/* End PBXFileReference section */

/* Begin PBXFrameworksBuildPhase section */
		0BC4B1AA2D5E108500778A09 /* Frameworks */ = {
			isa = PBXFrameworksBuildPhase;
			buildActionMask = 2147483647;
			files = (
				0BC4B1D12D5E15CB00778A09 /* FirebaseCore in Frameworks */,
				0BC4B1CF2D5E15CB00778A09 /* FirebaseAnalytics in Frameworks */,
				0BC4B1D72D5E15CB00778A09 /* FirebaseMessaging in Frameworks */,
				0BC4B1D92D5E15CB00778A09 /* FirebaseRemoteConfig in Frameworks */,
				0BC4B1D32D5E15CB00778A09 /* FirebaseFirestore in Frameworks */,
				0BC4B1D52D5E15CB00778A09 /* FirebaseInAppMessaging-Beta in Frameworks */,
			);
			runOnlyForDeploymentPostprocessing = 0;
		};
/* End PBXFrameworksBuildPhase section */

/* Begin PBXGroup section */
		0B4AE8342D5E19140054CB08 /* Pages */ = {
			isa = PBXGroup;
			children = (
				0B4AE8372D5E19930054CB08 /* Chart */,
				0BC4B1C12D5E12E700778A09 /* Application */,
				0B4AE8402D5E1EF40054CB08 /* HolidayList.swift */,
			);
			path = Pages;
			sourceTree = "<group>";
		};
		0B4AE8372D5E19930054CB08 /* Chart */ = {
			isa = PBXGroup;
			children = (
				0B4AE8352D5E19240054CB08 /* CircleChartView.swift */,
				0B4AE8382D5E19A30054CB08 /* UpcomingLeaveCircleChartView.swift */,
				0B4AE83A2D5E19BE0054CB08 /* UpcomingLeaveChartViewModel.swift */,
			);
			path = Chart;
			sourceTree = "<group>";
		};
		0BC4B1A42D5E108500778A09 = {
			isa = PBXGroup;
			children = (
				0BC4B1AF2D5E108500778A09 /* LeaveApp */,
				0BC4B1AE2D5E108500778A09 /* Products */,
			);
			sourceTree = "<group>";
		};
		0BC4B1AE2D5E108500778A09 /* Products */ = {
			isa = PBXGroup;
			children = (
				0BC4B1AD2D5E108500778A09 /* LeaveApp.app */,
			);
			name = Products;
			sourceTree = "<group>";
		};
		0BC4B1AF2D5E108500778A09 /* LeaveApp */ = {
			isa = PBXGroup;
			children = (
				0B4AE8342D5E19140054CB08 /* Pages */,
				0BC4B1BE2D5E129200778A09 /* Data */,
				0BC4B1B02D5E108500778A09 /* LeaveAppApp.swift */,
				0BC4B1B22D5E108500778A09 /* ContentView.swift */,
				0BC4B1B42D5E108600778A09 /* Assets.xcassets */,
				0BC4B1B62D5E108600778A09 /* Preview Content */,
			);
			path = LeaveApp;
			sourceTree = "<group>";
		};
		0BC4B1B62D5E108600778A09 /* Preview Content */ = {
			isa = PBXGroup;
			children = (
				0BC4B1B72D5E108600778A09 /* Preview Assets.xcassets */,
			);
			path = "Preview Content";
			sourceTree = "<group>";
		};
		0BC4B1BE2D5E129200778A09 /* Data */ = {
			isa = PBXGroup;
			children = (
				0BC4B1C92D5E13E700778A09 /* Backend */,
				0BC4B1C62D5E13B600778A09 /* Leave */,
			);
			path = Data;
			sourceTree = "<group>";
		};
		0BC4B1C12D5E12E700778A09 /* Application */ = {
			isa = PBXGroup;
			children = (
				0BC4B1C22D5E130700778A09 /* LeavApplicationViewModel.swift */,
				0BC4B1C42D5E133800778A09 /* LeaveApplicationView.swift */,
				0B4AE83C2D5E1B870054CB08 /* DocumentPickerView.swift */,
				0B4AE83E2D5E1DBF0054CB08 /* ImagePickerView.swift */,
			);
			path = Application;
			sourceTree = "<group>";
		};
		0BC4B1C62D5E13B600778A09 /* Leave */ = {
			isa = PBXGroup;
			children = (
				0BC4B1BF2D5E12AD00778A09 /* LeaveApplication.swift */,
			);
			path = Leave;
			sourceTree = "<group>";
		};
		0BC4B1C92D5E13E700778A09 /* Backend */ = {
			isa = PBXGroup;
			children = (
				0BC4B1C72D5E13D900778A09 /* BackendService.swift */,
				0BC4B1CA2D5E141F00778A09 /* FirebaseBackendService.swift */,
			);
			path = Backend;
			sourceTree = "<group>";
		};
/* End PBXGroup section */

/* Begin PBXNativeTarget section */
		0BC4B1AC2D5E108500778A09 /* LeaveApp */ = {
			isa = PBXNativeTarget;
			buildConfigurationList = 0BC4B1BB2D5E108600778A09 /* Build configuration list for PBXNativeTarget "LeaveApp" */;
			buildPhases = (
				0BC4B1A92D5E108500778A09 /* Sources */,
				0BC4B1AA2D5E108500778A09 /* Frameworks */,
				0BC4B1AB2D5E108500778A09 /* Resources */,
			);
			buildRules = (
			);
			dependencies = (
			);
			name = LeaveApp;
			packageProductDependencies = (
				0BC4B1CE2D5E15CB00778A09 /* FirebaseAnalytics */,
				0BC4B1D02D5E15CB00778A09 /* FirebaseCore */,
				0BC4B1D22D5E15CB00778A09 /* FirebaseFirestore */,
				0BC4B1D42D5E15CB00778A09 /* FirebaseInAppMessaging-Beta */,
				0BC4B1D62D5E15CB00778A09 /* FirebaseMessaging */,
				0BC4B1D82D5E15CB00778A09 /* FirebaseRemoteConfig */,
			);
			productName = LeaveApp;
			productReference = 0BC4B1AD2D5E108500778A09 /* LeaveApp.app */;
			productType = "com.apple.product-type.application";
		};
/* End PBXNativeTarget section */

/* Begin PBXProject section */
		0BC4B1A52D5E108500778A09 /* Project object */ = {
			isa = PBXProject;
			attributes = {
				BuildIndependentTargetsInParallel = 1;
				LastSwiftUpdateCheck = 1540;
				LastUpgradeCheck = 1540;
				TargetAttributes = {
					0BC4B1AC2D5E108500778A09 = {
						CreatedOnToolsVersion = 15.4;
					};
				};
			};
			buildConfigurationList = 0BC4B1A82D5E108500778A09 /* Build configuration list for PBXProject "LeaveApp" */;
			compatibilityVersion = "Xcode 14.0";
			developmentRegion = en;
			hasScannedForEncodings = 0;
			knownRegions = (
				en,
				Base,
			);
			mainGroup = 0BC4B1A42D5E108500778A09;
			packageReferences = (
				0BC4B1CD2D5E15CB00778A09 /* XCRemoteSwiftPackageReference "firebase-ios-sdk" */,
			);
			productRefGroup = 0BC4B1AE2D5E108500778A09 /* Products */;
			projectDirPath = "";
			projectRoot = "";
			targets = (
				0BC4B1AC2D5E108500778A09 /* LeaveApp */,
			);
		};
/* End PBXProject section */

/* Begin PBXResourcesBuildPhase section */
		0BC4B1AB2D5E108500778A09 /* Resources */ = {
			isa = PBXResourcesBuildPhase;
			buildActionMask = 2147483647;
			files = (
				0BC4B1B82D5E108600778A09 /* Preview Assets.xcassets in Resources */,
				0BC4B1B52D5E108600778A09 /* Assets.xcassets in Resources */,
			);
			runOnlyForDeploymentPostprocessing = 0;
		};
/* End PBXResourcesBuildPhase section */

/* Begin PBXSourcesBuildPhase section */
		0BC4B1A92D5E108500778A09 /* Sources */ = {
			isa = PBXSourcesBuildPhase;
			buildActionMask = 2147483647;
			files = (
				0BC4B1B32D5E108500778A09 /* ContentView.swift in Sources */,
				0B4AE8412D5E1EF40054CB08 /* HolidayList.swift in Sources */,
				0B4AE83D2D5E1B870054CB08 /* DocumentPickerView.swift in Sources */,
				0BC4B1C32D5E130700778A09 /* LeavApplicationViewModel.swift in Sources */,
				0BC4B1B12D5E108500778A09 /* LeaveAppApp.swift in Sources */,
				0B4AE83F2D5E1DBF0054CB08 /* ImagePickerView.swift in Sources */,
				0BC4B1C52D5E133800778A09 /* LeaveApplicationView.swift in Sources */,
				0B4AE8392D5E19A30054CB08 /* UpcomingLeaveCircleChartView.swift in Sources */,
				0BC4B1C82D5E13D900778A09 /* BackendService.swift in Sources */,
				0BC4B1CB2D5E141F00778A09 /* FirebaseBackendService.swift in Sources */,
				0BC4B1C02D5E12AD00778A09 /* LeaveApplication.swift in Sources */,
				0B4AE8362D5E19240054CB08 /* CircleChartView.swift in Sources */,
				0B4AE83B2D5E19BE0054CB08 /* UpcomingLeaveChartViewModel.swift in Sources */,
			);
			runOnlyForDeploymentPostprocessing = 0;
		};
/* End PBXSourcesBuildPhase section */

/* Begin XCBuildConfiguration section */
		0BC4B1B92D5E108600778A09 /* Debug */ = {
			isa = XCBuildConfiguration;
			buildSettings = {
				ALWAYS_SEARCH_USER_PATHS = NO;
				ASSETCATALOG_COMPILER_GENERATE_SWIFT_ASSET_SYMBOL_EXTENSIONS = YES;
				CLANG_ANALYZER_NONNULL = YES;
				CLANG_ANALYZER_NUMBER_OBJECT_CONVERSION = YES_AGGRESSIVE;
				CLANG_CXX_LANGUAGE_STANDARD = "gnu++20";
				CLANG_ENABLE_MODULES = YES;
				CLANG_ENABLE_OBJC_ARC = YES;
				CLANG_ENABLE_OBJC_WEAK = YES;
				CLANG_WARN_BLOCK_CAPTURE_AUTORELEASING = YES;
				CLANG_WARN_BOOL_CONVERSION = YES;
				CLANG_WARN_COMMA = YES;
				CLANG_WARN_CONSTANT_CONVERSION = YES;
				CLANG_WARN_DEPRECATED_OBJC_IMPLEMENTATIONS = YES;
				CLANG_WARN_DIRECT_OBJC_ISA_USAGE = YES_ERROR;
				CLANG_WARN_DOCUMENTATION_COMMENTS = YES;
				CLANG_WARN_EMPTY_BODY = YES;
				CLANG_WARN_ENUM_CONVERSION = YES;
				CLANG_WARN_INFINITE_RECURSION = YES;
				CLANG_WARN_INT_CONVERSION = YES;
				CLANG_WARN_NON_LITERAL_NULL_CONVERSION = YES;
				CLANG_WARN_OBJC_IMPLICIT_RETAIN_SELF = YES;
				CLANG_WARN_OBJC_LITERAL_CONVERSION = YES;
				CLANG_WARN_OBJC_ROOT_CLASS = YES_ERROR;
				CLANG_WARN_QUOTED_INCLUDE_IN_FRAMEWORK_HEADER = YES;
				CLANG_WARN_RANGE_LOOP_ANALYSIS = YES;
				CLANG_WARN_STRICT_PROTOTYPES = YES;
				CLANG_WARN_SUSPICIOUS_MOVE = YES;
				CLANG_WARN_UNGUARDED_AVAILABILITY = YES_AGGRESSIVE;
				CLANG_WARN_UNREACHABLE_CODE = YES;
				CLANG_WARN__DUPLICATE_METHOD_MATCH = YES;
				COPY_PHASE_STRIP = NO;
				DEBUG_INFORMATION_FORMAT = dwarf;
				ENABLE_STRICT_OBJC_MSGSEND = YES;
				ENABLE_TESTABILITY = YES;
				ENABLE_USER_SCRIPT_SANDBOXING = YES;
				GCC_C_LANGUAGE_STANDARD = gnu17;
				GCC_DYNAMIC_NO_PIC = NO;
				GCC_NO_COMMON_BLOCKS = YES;
				GCC_OPTIMIZATION_LEVEL = 0;
				GCC_PREPROCESSOR_DEFINITIONS = (
					"DEBUG=1",
					"$(inherited)",
				);
				GCC_WARN_64_TO_32_BIT_CONVERSION = YES;
				GCC_WARN_ABOUT_RETURN_TYPE = YES_ERROR;
				GCC_WARN_UNDECLARED_SELECTOR = YES;
				GCC_WARN_UNINITIALIZED_AUTOS = YES_AGGRESSIVE;
				GCC_WARN_UNUSED_FUNCTION = YES;
				GCC_WARN_UNUSED_VARIABLE = YES;
				IPHONEOS_DEPLOYMENT_TARGET = 17.5;
				LOCALIZATION_PREFERS_STRING_CATALOGS = YES;
				MTL_ENABLE_DEBUG_INFO = INCLUDE_SOURCE;
				MTL_FAST_MATH = YES;
				ONLY_ACTIVE_ARCH = YES;
				SDKROOT = iphoneos;
				SWIFT_ACTIVE_COMPILATION_CONDITIONS = "DEBUG $(inherited)";
				SWIFT_OPTIMIZATION_LEVEL = "-Onone";
			};
			name = Debug;
		};
		0BC4B1BA2D5E108600778A09 /* Release */ = {
			isa = XCBuildConfiguration;
			buildSettings = {
				ALWAYS_SEARCH_USER_PATHS = NO;
				ASSETCATALOG_COMPILER_GENERATE_SWIFT_ASSET_SYMBOL_EXTENSIONS = YES;
				CLANG_ANALYZER_NONNULL = YES;
				CLANG_ANALYZER_NUMBER_OBJECT_CONVERSION = YES_AGGRESSIVE;
				CLANG_CXX_LANGUAGE_STANDARD = "gnu++20";
				CLANG_ENABLE_MODULES = YES;
				CLANG_ENABLE_OBJC_ARC = YES;
				CLANG_ENABLE_OBJC_WEAK = YES;
				CLANG_WARN_BLOCK_CAPTURE_AUTORELEASING = YES;
				CLANG_WARN_BOOL_CONVERSION = YES;
				CLANG_WARN_COMMA = YES;
				CLANG_WARN_CONSTANT_CONVERSION = YES;
				CLANG_WARN_DEPRECATED_OBJC_IMPLEMENTATIONS = YES;
				CLANG_WARN_DIRECT_OBJC_ISA_USAGE = YES_ERROR;
				CLANG_WARN_DOCUMENTATION_COMMENTS = YES;
				CLANG_WARN_EMPTY_BODY = YES;
				CLANG_WARN_ENUM_CONVERSION = YES;
				CLANG_WARN_INFINITE_RECURSION = YES;
				CLANG_WARN_INT_CONVERSION = YES;
				CLANG_WARN_NON_LITERAL_NULL_CONVERSION = YES;
				CLANG_WARN_OBJC_IMPLICIT_RETAIN_SELF = YES;
				CLANG_WARN_OBJC_LITERAL_CONVERSION = YES;
				CLANG_WARN_OBJC_ROOT_CLASS = YES_ERROR;
				CLANG_WARN_QUOTED_INCLUDE_IN_FRAMEWORK_HEADER = YES;
				CLANG_WARN_RANGE_LOOP_ANALYSIS = YES;
				CLANG_WARN_STRICT_PROTOTYPES = YES;
				CLANG_WARN_SUSPICIOUS_MOVE = YES;
				CLANG_WARN_UNGUARDED_AVAILABILITY = YES_AGGRESSIVE;
				CLANG_WARN_UNREACHABLE_CODE = YES;
				CLANG_WARN__DUPLICATE_METHOD_MATCH = YES;
				COPY_PHASE_STRIP = NO;
				DEBUG_INFORMATION_FORMAT = "dwarf-with-dsym";
				ENABLE_NS_ASSERTIONS = NO;
				ENABLE_STRICT_OBJC_MSGSEND = YES;
				ENABLE_USER_SCRIPT_SANDBOXING = YES;
				GCC_C_LANGUAGE_STANDARD = gnu17;
				GCC_NO_COMMON_BLOCKS = YES;
				GCC_WARN_64_TO_32_BIT_CONVERSION = YES;
				GCC_WARN_ABOUT_RETURN_TYPE = YES_ERROR;
				GCC_WARN_UNDECLARED_SELECTOR = YES;
				GCC_WARN_UNINITIALIZED_AUTOS = YES_AGGRESSIVE;
				GCC_WARN_UNUSED_FUNCTION = YES;
				GCC_WARN_UNUSED_VARIABLE = YES;
				IPHONEOS_DEPLOYMENT_TARGET = 17.5;
				LOCALIZATION_PREFERS_STRING_CATALOGS = YES;
				MTL_ENABLE_DEBUG_INFO = NO;
				MTL_FAST_MATH = YES;
				SDKROOT = iphoneos;
				SWIFT_COMPILATION_MODE = wholemodule;
				VALIDATE_PRODUCT = YES;
			};
			name = Release;
		};
		0BC4B1BC2D5E108600778A09 /* Debug */ = {
			isa = XCBuildConfiguration;
			buildSettings = {
				ASSETCATALOG_COMPILER_APPICON_NAME = AppIcon;
				ASSETCATALOG_COMPILER_GLOBAL_ACCENT_COLOR_NAME = AccentColor;
				CODE_SIGN_STYLE = Automatic;
				CURRENT_PROJECT_VERSION = 1;
				DEVELOPMENT_ASSET_PATHS = "\"LeaveApp/Preview Content\"";
				DEVELOPMENT_TEAM = 6VC84T9283;
				ENABLE_PREVIEWS = YES;
				GENERATE_INFOPLIST_FILE = YES;
				INFOPLIST_KEY_UIApplicationSceneManifest_Generation = YES;
				INFOPLIST_KEY_UIApplicationSupportsIndirectInputEvents = YES;
				INFOPLIST_KEY_UILaunchScreen_Generation = YES;
				INFOPLIST_KEY_UISupportedInterfaceOrientations_iPad = "UIInterfaceOrientationPortrait UIInterfaceOrientationPortraitUpsideDown UIInterfaceOrientationLandscapeLeft UIInterfaceOrientationLandscapeRight";
				INFOPLIST_KEY_UISupportedInterfaceOrientations_iPhone = "UIInterfaceOrientationPortrait UIInterfaceOrientationLandscapeLeft UIInterfaceOrientationLandscapeRight";
				IPHONEOS_DEPLOYMENT_TARGET = 15.0;
				LD_RUNPATH_SEARCH_PATHS = (
					"$(inherited)",
					"@executable_path/Frameworks",
				);
				MARKETING_VERSION = 1.0;
				PRODUCT_BUNDLE_IDENTIFIER = com.lynkto.LeaveApp;
				PRODUCT_NAME = "$(TARGET_NAME)";
				SWIFT_EMIT_LOC_STRINGS = YES;
				SWIFT_VERSION = 5.0;
				TARGETED_DEVICE_FAMILY = "1,2";
			};
			name = Debug;
		};
		0BC4B1BD2D5E108600778A09 /* Release */ = {
			isa = XCBuildConfiguration;
			buildSettings = {
				ASSETCATALOG_COMPILER_APPICON_NAME = AppIcon;
				ASSETCATALOG_COMPILER_GLOBAL_ACCENT_COLOR_NAME = AccentColor;
				CODE_SIGN_STYLE = Automatic;
				CURRENT_PROJECT_VERSION = 1;
				DEVELOPMENT_ASSET_PATHS = "\"LeaveApp/Preview Content\"";
				DEVELOPMENT_TEAM = 6VC84T9283;
				ENABLE_PREVIEWS = YES;
				GENERATE_INFOPLIST_FILE = YES;
				INFOPLIST_KEY_UIApplicationSceneManifest_Generation = YES;
				INFOPLIST_KEY_UIApplicationSupportsIndirectInputEvents = YES;
				INFOPLIST_KEY_UILaunchScreen_Generation = YES;
				INFOPLIST_KEY_UISupportedInterfaceOrientations_iPad = "UIInterfaceOrientationPortrait UIInterfaceOrientationPortraitUpsideDown UIInterfaceOrientationLandscapeLeft UIInterfaceOrientationLandscapeRight";
				INFOPLIST_KEY_UISupportedInterfaceOrientations_iPhone = "UIInterfaceOrientationPortrait UIInterfaceOrientationLandscapeLeft UIInterfaceOrientationLandscapeRight";
				IPHONEOS_DEPLOYMENT_TARGET = 15.0;
				LD_RUNPATH_SEARCH_PATHS = (
					"$(inherited)",
					"@executable_path/Frameworks",
				);
				MARKETING_VERSION = 1.0;
				PRODUCT_BUNDLE_IDENTIFIER = com.lynkto.LeaveApp;
				PRODUCT_NAME = "$(TARGET_NAME)";
				SWIFT_EMIT_LOC_STRINGS = YES;
				SWIFT_VERSION = 5.0;
				TARGETED_DEVICE_FAMILY = "1,2";
			};
			name = Release;
		};
/* End XCBuildConfiguration section */

/* Begin XCConfigurationList section */
		0BC4B1A82D5E108500778A09 /* Build configuration list for PBXProject "LeaveApp" */ = {
			isa = XCConfigurationList;
			buildConfigurations = (
				0BC4B1B92D5E108600778A09 /* Debug */,
				0BC4B1BA2D5E108600778A09 /* Release */,
			);
			defaultConfigurationIsVisible = 0;
			defaultConfigurationName = Release;
		};
		0BC4B1BB2D5E108600778A09 /* Build configuration list for PBXNativeTarget "LeaveApp" */ = {
			isa = XCConfigurationList;
			buildConfigurations = (
				0BC4B1BC2D5E108600778A09 /* Debug */,
				0BC4B1BD2D5E108600778A09 /* Release */,
			);
			defaultConfigurationIsVisible = 0;
			defaultConfigurationName = Release;
		};
/* End XCConfigurationList section */

/* Begin XCRemoteSwiftPackageReference section */
		0BC4B1CD2D5E15CB00778A09 /* XCRemoteSwiftPackageReference "firebase-ios-sdk" */ = {
			isa = XCRemoteSwiftPackageReference;
			repositoryURL = "https://github.com/firebase/firebase-ios-sdk";
			requirement = {
				kind = upToNextMajorVersion;
				minimumVersion = 11.8.1;
			};
		};
/* End XCRemoteSwiftPackageReference section */

/* Begin XCSwiftPackageProductDependency section */
		0BC4B1CE2D5E15CB00778A09 /* FirebaseAnalytics */ = {
			isa = XCSwiftPackageProductDependency;
			package = 0BC4B1CD2D5E15CB00778A09 /* XCRemoteSwiftPackageReference "firebase-ios-sdk" */;
			productName = FirebaseAnalytics;
		};
		0BC4B1D02D5E15CB00778A09 /* FirebaseCore */ = {
			isa = XCSwiftPackageProductDependency;
			package = 0BC4B1CD2D5E15CB00778A09 /* XCRemoteSwiftPackageReference "firebase-ios-sdk" */;
			productName = FirebaseCore;
		};
		0BC4B1D22D5E15CB00778A09 /* FirebaseFirestore */ = {
			isa = XCSwiftPackageProductDependency;
			package = 0BC4B1CD2D5E15CB00778A09 /* XCRemoteSwiftPackageReference "firebase-ios-sdk" */;
			productName = FirebaseFirestore;
		};
		0BC4B1D42D5E15CB00778A09 /* FirebaseInAppMessaging-Beta */ = {
			isa = XCSwiftPackageProductDependency;
			package = 0BC4B1CD2D5E15CB00778A09 /* XCRemoteSwiftPackageReference "firebase-ios-sdk" */;
			productName = "FirebaseInAppMessaging-Beta";
		};
		0BC4B1D62D5E15CB00778A09 /* FirebaseMessaging */ = {
			isa = XCSwiftPackageProductDependency;
			package = 0BC4B1CD2D5E15CB00778A09 /* XCRemoteSwiftPackageReference "firebase-ios-sdk" */;
			productName = FirebaseMessaging;
		};
		0BC4B1D82D5E15CB00778A09 /* FirebaseRemoteConfig */ = {
			isa = XCSwiftPackageProductDependency;
			package = 0BC4B1CD2D5E15CB00778A09 /* XCRemoteSwiftPackageReference "firebase-ios-sdk" */;
			productName = FirebaseRemoteConfig;
		};
/* End XCSwiftPackageProductDependency section */
	};
	rootObject = 0BC4B1A52D5E108500778A09 /* Project object */;
}
